# This file is automatically @generated by Cargo.
# It is not intended for manual editing.
version = 3

[[package]]
name = "acid"
version = "0.1.0"
dependencies = [
 "libc",
 "redox_syscall 0.2.12 (git+https://gitlab.redox-os.org/redox-os/syscall.git)",
 "strace",
 "x86",
]

[[package]]
name = "bit_field"
version = "0.10.1"
source = "registry+https://github.com/rust-lang/crates.io-index"
checksum = "dcb6dd1c2376d2e096796e234a70e17e94cc2d5d54ff8ce42b28cef1d0d359a4"

[[package]]
name = "bitflags"
version = "1.3.2"
source = "registry+https://github.com/rust-lang/crates.io-index"
checksum = "bef38d45163c2f1dde094a7dfd33ccf595c92905c8f8f4fdc18d06fb1037718a"

[[package]]
name = "libc"
version = "0.2.126"
source = "registry+https://github.com/rust-lang/crates.io-index"
checksum = "349d5a591cd28b49e1d1037471617a32ddcda5731b99419008085f72d5a53836"

[[package]]
name = "raw-cpuid"
version = "10.3.0"
source = "registry+https://github.com/rust-lang/crates.io-index"
checksum = "738bc47119e3eeccc7e94c4a506901aea5e7b4944ecd0829cbebf4af04ceda12"
dependencies = [
 "bitflags",
]

[[package]]
name = "redox_syscall"
version = "0.2.12"
source = "registry+https://github.com/rust-lang/crates.io-index"
checksum = "8ae183fc1b06c149f0c1793e1eb447c8b04bfe46d48e9e48bfb8d2d7ed64ecf0"
dependencies = [
 "bitflags",
]

[[package]]
name = "redox_syscall"
version = "0.2.12"
source = "git+https://gitlab.redox-os.org/redox-os/syscall.git#30f29c32952343412bb6c36c9fda136d26e9431f"
dependencies = [
 "bitflags",
]

[[package]]
name = "strace"
version = "0.1.0"
source = "git+https://gitlab.redox-os.org/redox-os/strace-redox#59425e43bc4284325054bf3ba6ea357d3403ca22"
dependencies = [
 "bitflags",
 "redox_syscall 0.2.12 (registry+https://github.com/rust-lang/crates.io-index)",
]

[[package]]
name = "x86"
version = "0.47.0"
source = "registry+https://github.com/rust-lang/crates.io-index"
checksum = "55b5be8cc34d017d8aabec95bc45a43d0f20e8b2a31a453cabc804fe996f8dca"
dependencies = [
 "bit_field",
 "bitflags",
 "raw-cpuid",
]
